
Microsoft Visual Studio Solution File, Format Version 12.00
# Visual Studio Version 17
VisualStudioVersion = 17.2.32630.192
MinimumVisualStudioVersion = 10.0.40219.1
Project("{9A19103F-16F7-4668-BE54-9A1E7A4F7556}") = "Lab02", "Lab02\Lab02.csproj", "{5DD50276-EEF4-4662-B375-6DD413D51FE9}"
EndProject
Global
	GlobalSection(SolutionConfigurationPlatforms) = preSolution
		Debug|Any CPU = Debug|Any CPU
		Release|Any CPU = Release|Any CPU
	EndGlobalSection
	GlobalSection(ProjectConfigurationPlatforms) = postSolution
		{5DD50276-EEF4-4662-B375-6DD413D51FE9}.Debug|Any CPU.ActiveCfg = Debug|Any CPU
		{5DD50276-EEF4-4662-B375-6DD413D51FE9}.Debug|Any CPU.Build.0 = Debug|Any CPU
		{5DD50276-EEF4-4662-B375-6DD413D51FE9}.Release|Any CPU.ActiveCfg = Release|Any CPU
		{5DD50276-EEF4-4662-B375-6DD413D51FE9}.Release|Any CPU.Build.0 = Release|Any CPU
	EndGlobalSection
	GlobalSection(SolutionProperties) = preSolution
		HideSolutionNode = FALSE
	EndGlobalSection
	GlobalSection(ExtensibilityGlobals) = postSolution
		SolutionGuid = {6659020B-8649-4599-9071-47C3F8DA95C6}
	EndGlobalSection
EndGlobal
