
Microsoft Visual Studio Solution File, Format Version 12.00
# Visual Studio Version 17
VisualStudioVersion = 17.6.33801.468
MinimumVisualStudioVersion = 10.0.40219.1
Project("{FAE04EC0-301F-11D3-BF4B-00C04F79EFBC}") = "Lab06", "Lab06\Lab06.csproj", "{68A40A5B-C141-4E5D-9635-38F565B7420C}"
EndProject
Global
	GlobalSection(SolutionConfigurationPlatforms) = preSolution
		Debug|Any CPU = Debug|Any CPU
		Release|Any CPU = Release|Any CPU
	EndGlobalSection
	GlobalSection(ProjectConfigurationPlatforms) = postSolution
		{68A40A5B-C141-4E5D-9635-38F565B7420C}.Debug|Any CPU.ActiveCfg = Debug|Any CPU
		{68A40A5B-C141-4E5D-9635-38F565B7420C}.Debug|Any CPU.Build.0 = Debug|Any CPU
		{68A40A5B-C141-4E5D-9635-38F565B7420C}.Release|Any CPU.ActiveCfg = Release|Any CPU
		{68A40A5B-C141-4E5D-9635-38F565B7420C}.Release|Any CPU.Build.0 = Release|Any CPU
	EndGlobalSection
	GlobalSection(SolutionProperties) = preSolution
		HideSolutionNode = FALSE
	EndGlobalSection
	GlobalSection(ExtensibilityGlobals) = postSolution
		SolutionGuid = {24BC74B6-469C-40F1-A976-CDFB23E6060B}
	EndGlobalSection
EndGlobal
